
Microsoft Visual Studio Solution File, Format Version 12.00
# Visual Studio 2013
VisualStudioVersion = 12.0.30501.0
MinimumVisualStudioVersion = 10.0.40219.1
Project("{FAE04EC0-301F-11D3-BF4B-00C04F79EFBC}") = "BlogPostsByAuthor", "BlogPostsByAuthor\BlogPostsByAuthor.csproj", "{F7EFEB38-86BD-403C-993F-A853D8860791}"
EndProject
Project("{FAE04EC0-301F-11D3-BF4B-00C04F79EFBC}") = "BlogPostsByAuthor.Web", "BlogPostsByAuthor.Web\BlogPostsByAuthor.Web.csproj", "{C5B3BA91-E7EB-44C5-9E13-23014B6D851E}"
EndProject
Project("{FAE04EC0-301F-11D3-BF4B-00C04F79EFBC}") = "BloggPostsByAuthor.Tests", "BlogPostsByAuthor.Web.Tests\BloggPostsByAuthor.Tests.csproj", "{9ED39B2C-F1A2-4D03-84CF-BD4DF2A73A79}"
EndProject
Global
	GlobalSection(SolutionConfigurationPlatforms) = preSolution
		Debug|Any CPU = Debug|Any CPU
		Release|Any CPU = Release|Any CPU
	EndGlobalSection
	GlobalSection(ProjectConfigurationPlatforms) = postSolution
		{F7EFEB38-86BD-403C-993F-A853D8860791}.Debug|Any CPU.ActiveCfg = Debug|Any CPU
		{F7EFEB38-86BD-403C-993F-A853D8860791}.Debug|Any CPU.Build.0 = Debug|Any CPU
		{F7EFEB38-86BD-403C-993F-A853D8860791}.Release|Any CPU.ActiveCfg = Release|Any CPU
		{F7EFEB38-86BD-403C-993F-A853D8860791}.Release|Any CPU.Build.0 = Release|Any CPU
		{C5B3BA91-E7EB-44C5-9E13-23014B6D851E}.Debug|Any CPU.ActiveCfg = Debug|Any CPU
		{C5B3BA91-E7EB-44C5-9E13-23014B6D851E}.Debug|Any CPU.Build.0 = Debug|Any CPU
		{C5B3BA91-E7EB-44C5-9E13-23014B6D851E}.Release|Any CPU.ActiveCfg = Release|Any CPU
		{C5B3BA91-E7EB-44C5-9E13-23014B6D851E}.Release|Any CPU.Build.0 = Release|Any CPU
		{9ED39B2C-F1A2-4D03-84CF-BD4DF2A73A79}.Debug|Any CPU.ActiveCfg = Debug|Any CPU
		{9ED39B2C-F1A2-4D03-84CF-BD4DF2A73A79}.Debug|Any CPU.Build.0 = Debug|Any CPU
		{9ED39B2C-F1A2-4D03-84CF-BD4DF2A73A79}.Release|Any CPU.ActiveCfg = Release|Any CPU
		{9ED39B2C-F1A2-4D03-84CF-BD4DF2A73A79}.Release|Any CPU.Build.0 = Release|Any CPU
	EndGlobalSection
	GlobalSection(SolutionProperties) = preSolution
		HideSolutionNode = FALSE
	EndGlobalSection
EndGlobal
